
Microsoft Visual Studio Solution File, Format Version 12.00
# Visual Studio 2013
VisualStudioVersion = 12.0.31101.0
MinimumVisualStudioVersion = 10.0.40219.1
Project("{FAE04EC0-301F-11D3-BF4B-00C04F79EFBC}") = "Pharmacy", "Pharmacy\Pharmacy.csproj", "{7F3783D0-39AD-48DB-801C-B8D9E7367D04}"
EndProject
Project("{FAE04EC0-301F-11D3-BF4B-00C04F79EFBC}") = "Pharmacy.BusinessLogic", "Pharmacy.BusinessLogic\Pharmacy.BusinessLogic.csproj", "{978A6DC0-2A8B-46A7-A6FE-5B8BEE088678}"
EndProject
Project("{FAE04EC0-301F-11D3-BF4B-00C04F79EFBC}") = "Pharmacy.DatabaseAccess", "Pharmacy.DatabaseAccess\Pharmacy.DatabaseAccess.csproj", "{31A2FA80-A64E-426F-B4E0-CDD9EE3CA8C8}"
EndProject
Project("{FAE04EC0-301F-11D3-BF4B-00C04F79EFBC}") = "Pharmacy.Test", "Pharmacy.Test\Pharmacy.Test.csproj", "{590C2456-E30A-42DC-AE65-19AD1069D182}"
EndProject
Global
	GlobalSection(SolutionConfigurationPlatforms) = preSolution
		Debug|Any CPU = Debug|Any CPU
		Release|Any CPU = Release|Any CPU
	EndGlobalSection
	GlobalSection(ProjectConfigurationPlatforms) = postSolution
		{7F3783D0-39AD-48DB-801C-B8D9E7367D04}.Debug|Any CPU.ActiveCfg = Debug|Any CPU
		{7F3783D0-39AD-48DB-801C-B8D9E7367D04}.Debug|Any CPU.Build.0 = Debug|Any CPU
		{7F3783D0-39AD-48DB-801C-B8D9E7367D04}.Release|Any CPU.ActiveCfg = Release|Any CPU
		{7F3783D0-39AD-48DB-801C-B8D9E7367D04}.Release|Any CPU.Build.0 = Release|Any CPU
		{978A6DC0-2A8B-46A7-A6FE-5B8BEE088678}.Debug|Any CPU.ActiveCfg = Debug|Any CPU
		{978A6DC0-2A8B-46A7-A6FE-5B8BEE088678}.Debug|Any CPU.Build.0 = Debug|Any CPU
		{978A6DC0-2A8B-46A7-A6FE-5B8BEE088678}.Release|Any CPU.ActiveCfg = Release|Any CPU
		{978A6DC0-2A8B-46A7-A6FE-5B8BEE088678}.Release|Any CPU.Build.0 = Release|Any CPU
		{31A2FA80-A64E-426F-B4E0-CDD9EE3CA8C8}.Debug|Any CPU.ActiveCfg = Debug|Any CPU
		{31A2FA80-A64E-426F-B4E0-CDD9EE3CA8C8}.Debug|Any CPU.Build.0 = Debug|Any CPU
		{31A2FA80-A64E-426F-B4E0-CDD9EE3CA8C8}.Release|Any CPU.ActiveCfg = Release|Any CPU
		{31A2FA80-A64E-426F-B4E0-CDD9EE3CA8C8}.Release|Any CPU.Build.0 = Release|Any CPU
		{590C2456-E30A-42DC-AE65-19AD1069D182}.Debug|Any CPU.ActiveCfg = Debug|Any CPU
		{590C2456-E30A-42DC-AE65-19AD1069D182}.Debug|Any CPU.Build.0 = Debug|Any CPU
		{590C2456-E30A-42DC-AE65-19AD1069D182}.Release|Any CPU.ActiveCfg = Release|Any CPU
		{590C2456-E30A-42DC-AE65-19AD1069D182}.Release|Any CPU.Build.0 = Release|Any CPU
	EndGlobalSection
	GlobalSection(SolutionProperties) = preSolution
		HideSolutionNode = FALSE
	EndGlobalSection
EndGlobal
